<Solution>
  <Folder Name="/Solution Items/">
    <File Path="appsettings.shared.json" />
  </Folder>
  <Project Path="Homesteadier.API/Homesteadier.API.csproj" />
  <Project Path="HomeSteadier.AppHost/HomeSteadier.AppHost.csproj" />
  <Project Path="HomeSteadier.CLI/HomeSteadier.CLI.csproj" />
  <Project Path="HomeSteadier.Database/HomeSteadier.Database.csproj" />
  <Project Path="HomeSteadier.ServiceDefaults/HomeSteadier.ServiceDefaults.csproj" />
</Solution>
